
Microsoft Visual Studio Solution File, Format Version 12.00
# Visual Studio Version 17
VisualStudioVersion = 17.4.33213.308
MinimumVisualStudioVersion = 10.0.40219.1
Project("{8BC9CEB8-8B4A-11D0-8D11-00A0C91BC942}") = "runmap3d", "runmap3d.vcxproj", "{07C4E7A3-1D3D-491E-84FE-9917FE9BAA4D}"
EndProject
Project("{2150E333-8FDC-42A3-9474-1A3956D46DE8}") = "Solution Items", "Solution Items", "{526CEF64-8D7E-4F93-9C59-1C55BEB29241}"
EndProject
Project("{2150E333-8FDC-42A3-9474-1A3956D46DE8}") = "Itens de Solução", "Itens de Solução", "{75C10585-B33E-499C-ABBF-49301549EB61}"
	ProjectSection(SolutionItems) = preProject
		..\Shared\File.h = ..\Shared\File.h
	EndProjectSection
EndProject
Global
        GlobalSection(SolutionConfigurationPlatforms) = preSolution
                Debug|Win32 = Debug|Win32
                Debug|x64 = Debug|x64
                Release|Win32 = Release|Win32
                Release|x64 = Release|x64
        EndGlobalSection
        GlobalSection(ProjectConfigurationPlatforms) = postSolution
                {07C4E7A3-1D3D-491E-84FE-9917FE9BAA4D}.Debug|Win32.ActiveCfg = Debug|Win32
                {07C4E7A3-1D3D-491E-84FE-9917FE9BAA4D}.Debug|Win32.Build.0 = Debug|Win32
                {07C4E7A3-1D3D-491E-84FE-9917FE9BAA4D}.Debug|x64.ActiveCfg = Debug|x64
                {07C4E7A3-1D3D-491E-84FE-9917FE9BAA4D}.Debug|x64.Build.0 = Debug|x64
                {07C4E7A3-1D3D-491E-84FE-9917FE9BAA4D}.Release|Win32.ActiveCfg = Release|Win32
                {07C4E7A3-1D3D-491E-84FE-9917FE9BAA4D}.Release|Win32.Build.0 = Release|Win32
                {07C4E7A3-1D3D-491E-84FE-9917FE9BAA4D}.Release|x64.ActiveCfg = Release|x64
                {07C4E7A3-1D3D-491E-84FE-9917FE9BAA4D}.Release|x64.Build.0 = Release|x64
        EndGlobalSection
	GlobalSection(SolutionProperties) = preSolution
		HideSolutionNode = FALSE
	EndGlobalSection
	GlobalSection(ExtensibilityGlobals) = postSolution
		SolutionGuid = {ACC357A0-CBBE-4F6F-AB71-8D93825B5145}
	EndGlobalSection
EndGlobal
